
Microsoft Visual Studio Solution File, Format Version 12.00
# Visual Studio Version 17
VisualStudioVersion = 17.9.34622.214
MinimumVisualStudioVersion = 10.0.40219.1
Project("{FAE04EC0-301F-11D3-BF4B-00C04F79EFBC}") = "PI (AULAS)", "PI (AULAS)\PI (AULAS).csproj", "{DA780E60-E542-4274-8116-7871B88692CD}"
EndProject
Global
	GlobalSection(SolutionConfigurationPlatforms) = preSolution
		Debug|Any CPU = Debug|Any CPU
		Release|Any CPU = Release|Any CPU
	EndGlobalSection
	GlobalSection(ProjectConfigurationPlatforms) = postSolution
		{DA780E60-E542-4274-8116-7871B88692CD}.Debug|Any CPU.ActiveCfg = Debug|Any CPU
		{DA780E60-E542-4274-8116-7871B88692CD}.Debug|Any CPU.Build.0 = Debug|Any CPU
		{DA780E60-E542-4274-8116-7871B88692CD}.Release|Any CPU.ActiveCfg = Release|Any CPU
		{DA780E60-E542-4274-8116-7871B88692CD}.Release|Any CPU.Build.0 = Release|Any CPU
	EndGlobalSection
	GlobalSection(SolutionProperties) = preSolution
		HideSolutionNode = FALSE
	EndGlobalSection
	GlobalSection(ExtensibilityGlobals) = postSolution
		SolutionGuid = {BCC960D6-C3C3-404C-9A6C-BCBB8F7D2458}
	EndGlobalSection
EndGlobal
